
Microsoft Visual Studio Solution File, Format Version 12.00
# Visual Studio Version 17
VisualStudioVersion = 17.8.34309.116
MinimumVisualStudioVersion = 10.0.40219.1
Project("{9A19103F-16F7-4668-BE54-9A1E7A4F7556}") = "WebAPISample", "WebAPISample.csproj", "{AF014888-D8DC-451C-86B2-7C56690248D3}"
EndProject
Global
	GlobalSection(SolutionConfigurationPlatforms) = preSolution
		Debug|Any CPU = Debug|Any CPU
		Release|Any CPU = Release|Any CPU
	EndGlobalSection
	GlobalSection(ProjectConfigurationPlatforms) = postSolution
		{AF014888-D8DC-451C-86B2-7C56690248D3}.Debug|Any CPU.ActiveCfg = Debug|Any CPU
		{AF014888-D8DC-451C-86B2-7C56690248D3}.Debug|Any CPU.Build.0 = Debug|Any CPU
		{AF014888-D8DC-451C-86B2-7C56690248D3}.Release|Any CPU.ActiveCfg = Release|Any CPU
		{AF014888-D8DC-451C-86B2-7C56690248D3}.Release|Any CPU.Build.0 = Release|Any CPU
	EndGlobalSection
	GlobalSection(SolutionProperties) = preSolution
		HideSolutionNode = FALSE
	EndGlobalSection
	GlobalSection(ExtensibilityGlobals) = postSolution
		SolutionGuid = {D73B1136-65D0-4D52-A5F6-2F82CA00860A}
	EndGlobalSection
EndGlobal
